
Microsoft Visual Studio Solution File, Format Version 12.00
# Visual Studio Version 17
VisualStudioVersion = 17.10.35004.147
MinimumVisualStudioVersion = 10.0.40219.1
Project("{FAE04EC0-301F-11D3-BF4B-00C04F79EFBC}") = "Es 1", "Es 1\Es 1.csproj", "{FD263D6E-DA7C-4023-9438-399F84A5D257}"
EndProject
Project("{FAE04EC0-301F-11D3-BF4B-00C04F79EFBC}") = "Es 2", "Es 2\Es 2.csproj", "{CE11CB98-0FA8-46CB-9771-6AAFE7F0A760}"
EndProject
Project("{FAE04EC0-301F-11D3-BF4B-00C04F79EFBC}") = "Es 3", "Es 3\Es 3.csproj", "{BC4E7E0F-5062-45CB-A973-48A288C26026}"
EndProject
Global
	GlobalSection(SolutionConfigurationPlatforms) = preSolution
		Debug|Any CPU = Debug|Any CPU
		Release|Any CPU = Release|Any CPU
	EndGlobalSection
	GlobalSection(ProjectConfigurationPlatforms) = postSolution
		{FD263D6E-DA7C-4023-9438-399F84A5D257}.Debug|Any CPU.ActiveCfg = Debug|Any CPU
		{FD263D6E-DA7C-4023-9438-399F84A5D257}.Debug|Any CPU.Build.0 = Debug|Any CPU
		{FD263D6E-DA7C-4023-9438-399F84A5D257}.Release|Any CPU.ActiveCfg = Release|Any CPU
		{FD263D6E-DA7C-4023-9438-399F84A5D257}.Release|Any CPU.Build.0 = Release|Any CPU
		{CE11CB98-0FA8-46CB-9771-6AAFE7F0A760}.Debug|Any CPU.ActiveCfg = Debug|Any CPU
		{CE11CB98-0FA8-46CB-9771-6AAFE7F0A760}.Debug|Any CPU.Build.0 = Debug|Any CPU
		{CE11CB98-0FA8-46CB-9771-6AAFE7F0A760}.Release|Any CPU.ActiveCfg = Release|Any CPU
		{CE11CB98-0FA8-46CB-9771-6AAFE7F0A760}.Release|Any CPU.Build.0 = Release|Any CPU
		{BC4E7E0F-5062-45CB-A973-48A288C26026}.Debug|Any CPU.ActiveCfg = Debug|Any CPU
		{BC4E7E0F-5062-45CB-A973-48A288C26026}.Debug|Any CPU.Build.0 = Debug|Any CPU
		{BC4E7E0F-5062-45CB-A973-48A288C26026}.Release|Any CPU.ActiveCfg = Release|Any CPU
		{BC4E7E0F-5062-45CB-A973-48A288C26026}.Release|Any CPU.Build.0 = Release|Any CPU
	EndGlobalSection
	GlobalSection(SolutionProperties) = preSolution
		HideSolutionNode = FALSE
	EndGlobalSection
	GlobalSection(ExtensibilityGlobals) = postSolution
		SolutionGuid = {94658AFB-EB29-4F60-8E0D-E86139130452}
	EndGlobalSection
EndGlobal
